
Microsoft Visual Studio Solution File, Format Version 12.00
# Visual Studio Version 16
VisualStudioVersion = 16.0.31729.503
MinimumVisualStudioVersion = 10.0.40219.1
Project("{FAE04EC0-301F-11D3-BF4B-00C04F79EFBC}") = "Muresan_Denisa_Lab2", "Muresan_Denisa_Lab2.csproj", "{FEA351CA-C98A-427B-B272-9F21EBBFA023}"
EndProject
Global
	GlobalSection(SolutionConfigurationPlatforms) = preSolution
		Debug|Any CPU = Debug|Any CPU
		Release|Any CPU = Release|Any CPU
	EndGlobalSection
	GlobalSection(ProjectConfigurationPlatforms) = postSolution
		{FEA351CA-C98A-427B-B272-9F21EBBFA023}.Debug|Any CPU.ActiveCfg = Debug|Any CPU
		{FEA351CA-C98A-427B-B272-9F21EBBFA023}.Debug|Any CPU.Build.0 = Debug|Any CPU
		{FEA351CA-C98A-427B-B272-9F21EBBFA023}.Release|Any CPU.ActiveCfg = Release|Any CPU
		{FEA351CA-C98A-427B-B272-9F21EBBFA023}.Release|Any CPU.Build.0 = Release|Any CPU
	EndGlobalSection
	GlobalSection(SolutionProperties) = preSolution
		HideSolutionNode = FALSE
	EndGlobalSection
	GlobalSection(ExtensibilityGlobals) = postSolution
		SolutionGuid = {76C82990-0787-4A51-A0C1-78DA6D926B62}
	EndGlobalSection
EndGlobal
